
Microsoft Visual Studio Solution File, Format Version 12.00
# Visual Studio Version 17
VisualStudioVersion = 17.0.31903.59
MinimumVisualStudioVersion = 10.0.40219.1
Project("{FAE04EC0-301F-11D3-BF4B-00C04F79EFBC}") = "V13LoadBalance.Web", "V13LoadBalance.Web\V13LoadBalance.Web.csproj", "{71DDCB87-31B9-4CD3-B313-CECB0A303585}"
EndProject
Global
	GlobalSection(SolutionConfigurationPlatforms) = preSolution
		Debug|Any CPU = Debug|Any CPU
		Release|Any CPU = Release|Any CPU
	EndGlobalSection
	GlobalSection(SolutionProperties) = preSolution
		HideSolutionNode = FALSE
	EndGlobalSection
	GlobalSection(ProjectConfigurationPlatforms) = postSolution
		{71DDCB87-31B9-4CD3-B313-CECB0A303585}.Debug|Any CPU.ActiveCfg = Debug|Any CPU
		{71DDCB87-31B9-4CD3-B313-CECB0A303585}.Debug|Any CPU.Build.0 = Debug|Any CPU
		{71DDCB87-31B9-4CD3-B313-CECB0A303585}.Release|Any CPU.ActiveCfg = Release|Any CPU
		{71DDCB87-31B9-4CD3-B313-CECB0A303585}.Release|Any CPU.Build.0 = Release|Any CPU
	EndGlobalSection
EndGlobal
Project("{2150E333-8FDC-42A3-9474-1A3956D46DE8}") = "Solution Files", "Solution Files", "{A24CA097-6FE0-4C27-8825-FC29F9749509}"
	ProjectSection(SolutionItems) = preProject
		.dockerignore = .dockerignore
		.editorconfig = .editorconfig
		.gitattributes = .gitattributes
		.gitignore = .gitignore
		.umbraco = .umbraco
		NuGet.config = NuGet.config
		Readme.md = Readme.md
		V13LoadBalance.Web\umbraco-cloud.json = V13LoadBalance.Web\umbraco-cloud.json
	EndProjectSection
EndProject
